{
  "lockfileVersion": 1,
  "workspaces": {
    "": {
      "name": "transcriber",
      "dependencies": {
        "@commander-js/extra-typings": "13.0.0",
        "bun": "1.2.0",
        "commander": "13.1.0",
      },
      "devDependencies": {
        "@types/bun": "1.2.0",
      },
    },
  },
  "packages": {
    "@commander-js/extra-typings": ["@commander-js/extra-typings@13.0.0", "", { "peerDependencies": { "commander": "~13.0.0" } }, "sha512-4or44L3saI49QRBvdSzfCtzqONlFg0/qy0Cfl+LRynDaxlGs7r2KRTLCELaAoKh4oQguICxRwQfm77/Up+0wTw=="],

    "@oven/bun-darwin-aarch64": ["@oven/bun-darwin-aarch64@1.2.0", "", { "os": "darwin", "cpu": "arm64" }, "sha512-51gx0Q7MJshZn554VEHj599/TVW+IDcYITWDzxeRyBN96vrbnYT9sGT58tCvN/yVrJBcTH83aHgjsOefM/egrQ=="],

    "@oven/bun-darwin-x64": ["@oven/bun-darwin-x64@1.2.0", "", { "os": "darwin", "cpu": "x64" }, "sha512-LxbuMT5h5IgBbBpCzUCz9JlAIRcVy9tLJ54s+X6H8qpaDNf4TL+bmZQEog/VZMHdyFVQignSiTI6zPkPnoF+Kw=="],

    "@oven/bun-darwin-x64-baseline": ["@oven/bun-darwin-x64-baseline@1.2.0", "", { "os": "darwin", "cpu": "x64" }, "sha512-ZgtE37T6ogQjp25JZRYbxy4Iziw7+THEnm2Mb+SyjimLSmU10d0fgYsPrT5ZIWfsMh42IXPgUFksG7IY7CmR/A=="],

    "@oven/bun-linux-aarch64": ["@oven/bun-linux-aarch64@1.2.0", "", { "os": "linux", "cpu": "arm64" }, "sha512-1N10z7tQE1CwrSHuhdQFxl1vUd86VKqt1258a++m9EUwZ+uQMYnoevKyDc2TiwJF4yXG1AHc1STz7biQ1q/wNA=="],

    "@oven/bun-linux-aarch64-musl": ["@oven/bun-linux-aarch64-musl@1.2.0", "", { "os": "linux", "cpu": "none" }, "sha512-sXfkddLwsOF6x2YfDkmbfuwV5BgaI53G1nh2/cq7iLf1HhdWDhbmB4i9Dw68Gy3tXTrezOOQqZ5+un5OOOXXxg=="],

    "@oven/bun-linux-x64": ["@oven/bun-linux-x64@1.2.0", "", { "os": "linux", "cpu": "x64" }, "sha512-QGXdeY0zkTSMYqIJ1crDF8gvRx0JeRYjd/nmfpxnuxyVNjUUVZHaQKMHvGGptPmkzvhEvCYnWmh2wmCFQmCZBw=="],

    "@oven/bun-linux-x64-baseline": ["@oven/bun-linux-x64-baseline@1.2.0", "", { "os": "linux", "cpu": "x64" }, "sha512-eXxEbZxUO02EAofgMW1SCiMlGgS0F8NSvF7xTgSAxl8WYYDAR9GVu37DIwGokXBKBuysgdZuBUb7IpWzB+n6IQ=="],

    "@oven/bun-linux-x64-musl": ["@oven/bun-linux-x64-musl@1.2.0", "", { "os": "linux", "cpu": "x64" }, "sha512-pJjVzEiS9HXuWy4LdbmiOLUmU1l2pUAWbbd43OocJRYvZL54cZpE+x0yUyEb38vd+jkHQu0ty8jHMyl+fBNUZA=="],

    "@oven/bun-linux-x64-musl-baseline": ["@oven/bun-linux-x64-musl-baseline@1.2.0", "", { "os": "linux", "cpu": "x64" }, "sha512-/M53/WHnhKjgFxQXljapXMnQvkdZ9EzK9LuWjZ0Kw3WCx9n2v7MS2803vjpiVwUxoDYpq1+wSyXIaEloZQ/R5w=="],

    "@oven/bun-windows-x64": ["@oven/bun-windows-x64@1.2.0", "", { "os": "win32", "cpu": "x64" }, "sha512-inCrG8tQJ9Sz5N8uVoDwoR+QFDLbOcfAkGtjEvnn6djeyDx8PbO8IErhbrpkb+10vtGDFWaOr0XVS7kuSu08Fw=="],

    "@oven/bun-windows-x64-baseline": ["@oven/bun-windows-x64-baseline@1.2.0", "", { "os": "win32", "cpu": "x64" }, "sha512-A+U0PGh0twPTbUNwK2BZcFR8fWDumWOAiTReTWTK0wOIcQIy9DCTzKhxBffYNwLhf8BxLkJpoEag7wL1AWiejg=="],

    "@types/bun": ["@types/bun@1.2.0", "", { "dependencies": { "bun-types": "1.2.0" } }, "sha512-5N1JqdahfpBlAv4wy6svEYcd/YfO2GNrbL95JOmFx8nkE6dbK4R0oSE5SpBA4vBRqgrOUAXF8Dpiz+gi7r80SA=="],

    "@types/node": ["@types/node@20.12.14", "", { "dependencies": { "undici-types": "~5.26.4" } }, "sha512-scnD59RpYD91xngrQQLGkE+6UrHUPzeKZWhhjBSa3HSkwjbQc38+q3RoIVEwxQGRw3M+j5hpNAM+lgV3cVormg=="],

    "@types/ws": ["@types/ws@8.5.13", "", { "dependencies": { "@types/node": "*" } }, "sha512-osM/gWBTPKgHV8XkTunnegTRIsvF6owmf5w+JtAfOw472dptdm0dlGv4xCt6GwQRcC2XVOvvRE/0bAoQcL2QkA=="],

    "bun": ["bun@1.2.0", "", { "optionalDependencies": { "@oven/bun-darwin-aarch64": "1.2.0", "@oven/bun-darwin-x64": "1.2.0", "@oven/bun-darwin-x64-baseline": "1.2.0", "@oven/bun-linux-aarch64": "1.2.0", "@oven/bun-linux-aarch64-musl": "1.2.0", "@oven/bun-linux-x64": "1.2.0", "@oven/bun-linux-x64-baseline": "1.2.0", "@oven/bun-linux-x64-musl": "1.2.0", "@oven/bun-linux-x64-musl-baseline": "1.2.0", "@oven/bun-windows-x64": "1.2.0", "@oven/bun-windows-x64-baseline": "1.2.0" }, "os": [ "linux", "win32", "darwin", ], "cpu": [ "x64", "arm64", ], "bin": { "bun": "bin/bun.exe", "bunx": "bin/bun.exe" } }, "sha512-QUt9418MMPgylSsfOjGABV0aodlVZmQ6goCn/o0tf6jVKkPFgaMw643iv+Uo5uqEKtECaDCbCmssqofq1nVgvw=="],

    "bun-types": ["bun-types@1.2.0", "", { "dependencies": { "@types/node": "*", "@types/ws": "~8.5.10" } }, "sha512-KEaJxyZfbV/c4eyG0vyehDpYmBGreNiQbZIqvVHJwZ4BmeuWlNZ7EAzMN2Zcd7ailmS/tGVW0BgYbGf+lGEpWw=="],

    "commander": ["commander@13.1.0", "", {}, "sha512-/rFeCpNJQbhSZjGVwO9RFV3xPqbnERS8MmIQzCtD/zl6gpJuV/bMLuN92oG3F7d8oDEHHRrujSXNUr8fpjntKw=="],

    "undici-types": ["undici-types@5.26.5", "", {}, "sha512-JlCMO+ehdEIKqlFxk6IfVoAUVmgz7cU7zD/h9XZ0qzeosSHmUJVOzSQvvYSYWXkFXC+IfLKSIffhv0sVZup6pA=="],
  }
}
